PODS:
  - GONMarkupParser (0.7.4):
    - "NSString+Color"
  - "NSString+Color (1.1.4)"
  - QBImagePickerController (3.4.0)

DEPENDENCIES:
  - GONMarkupParser
  - QBImagePickerController

SPEC REPOS:
  https://github.com/CocoaPods/Specs:
    - GONMarkupParser
    - "NSString+Color"
  trunk:
    - QBImagePickerController

SPEC CHECKSUMS:
  GONMarkupParser: 2455e05924918f133942575ff48822b123cc160c
  "NSString+Color": ea9e33d498d634adf56766c606c9128822094473
  QBImagePickerController: d54cf93db6decf26baf6ed3472f336ef35cae022

PODFILE CHECKSUM: fb88dccc43956ad53dbad8a7ad32b109f0fcdeac

COCOAPODS: 1.10.1
